
Microsoft Visual Studio Solution File, Format Version 12.00
# Visual Studio 15
Project("{FAE04EC0-301F-11D3-BF4B-00C04F79EFBC}") = "Zenject", "Zenject.csproj", "{8DD22096-00BD-697E-F96D-97FEE59FE253}"
EndProject
Project("{FAE04EC0-301F-11D3-BF4B-00C04F79EFBC}") = "Zenject-IntegrationTests", "Zenject-IntegrationTests.csproj", "{22A1B9CF-6D2A-9AC5-F24F-DF5FCE35B83E}"
EndProject
Project("{FAE04EC0-301F-11D3-BF4B-00C04F79EFBC}") = "Zenject-IntegrationTests-Editor", "Zenject-IntegrationTests-Editor.csproj", "{D82814B5-C7F3-3A6D-2041-342C8B000004}"
EndProject
Project("{FAE04EC0-301F-11D3-BF4B-00C04F79EFBC}") = "Assembly-CSharp", "Assembly-CSharp.csproj", "{E5313639-3B7A-3626-D216-6DFED3593977}"
EndProject
Project("{FAE04EC0-301F-11D3-BF4B-00C04F79EFBC}") = "Zenject-ReflectionBaking-Editor", "Zenject-ReflectionBaking-Editor.csproj", "{6CE436B4-B831-2D28-C3AB-393CDF64C555}"
EndProject
Project("{FAE04EC0-301F-11D3-BF4B-00C04F79EFBC}") = "Zenject-UnitTests-Editor", "Zenject-UnitTests-Editor.csproj", "{3239BD9D-217F-DDC4-78CD-A7CA19E3A98E}"
EndProject
Project("{FAE04EC0-301F-11D3-BF4B-00C04F79EFBC}") = "Zenject-Editor", "Zenject-Editor.csproj", "{08437C05-0246-0DD3-3C51-032543154EE3}"
EndProject
Project("{FAE04EC0-301F-11D3-BF4B-00C04F79EFBC}") = "Assembly-CSharp-Editor", "Assembly-CSharp-Editor.csproj", "{198835F7-18CE-1765-E307-E93A2BFE66CA}"
EndProject
Project("{FAE04EC0-301F-11D3-BF4B-00C04F79EFBC}") = "Zenject-TestFramework", "Zenject-TestFramework.csproj", "{0D97F1FA-3E11-CDCE-211B-D251D949401C}"
EndProject
Project("{FAE04EC0-301F-11D3-BF4B-00C04F79EFBC}") = "Zenject-PoolMonitor-Editor", "Zenject-PoolMonitor-Editor.csproj", "{68245E4A-1DDE-0E0D-6EC8-D54B3950EEAE}"
EndProject
Global
	GlobalSection(SolutionConfigurationPlatforms) = preSolution
		Debug|Any CPU = Debug|Any CPU
		Release|Any CPU = Release|Any CPU
	EndGlobalSection
	GlobalSection(ProjectConfigurationPlatforms) = postSolution
		{8DD22096-00BD-697E-F96D-97FEE59FE253}.Debug|Any CPU.ActiveCfg = Debug|Any CPU
		{8DD22096-00BD-697E-F96D-97FEE59FE253}.Debug|Any CPU.Build.0 = Debug|Any CPU
		{8DD22096-00BD-697E-F96D-97FEE59FE253}.Release|Any CPU.ActiveCfg = Release|Any CPU
		{8DD22096-00BD-697E-F96D-97FEE59FE253}.Release|Any CPU.Build.0 = Release|Any CPU
		{22A1B9CF-6D2A-9AC5-F24F-DF5FCE35B83E}.Debug|Any CPU.ActiveCfg = Debug|Any CPU
		{22A1B9CF-6D2A-9AC5-F24F-DF5FCE35B83E}.Debug|Any CPU.Build.0 = Debug|Any CPU
		{22A1B9CF-6D2A-9AC5-F24F-DF5FCE35B83E}.Release|Any CPU.ActiveCfg = Release|Any CPU
		{22A1B9CF-6D2A-9AC5-F24F-DF5FCE35B83E}.Release|Any CPU.Build.0 = Release|Any CPU
		{D82814B5-C7F3-3A6D-2041-342C8B000004}.Debug|Any CPU.ActiveCfg = Debug|Any CPU
		{D82814B5-C7F3-3A6D-2041-342C8B000004}.Debug|Any CPU.Build.0 = Debug|Any CPU
		{D82814B5-C7F3-3A6D-2041-342C8B000004}.Release|Any CPU.ActiveCfg = Release|Any CPU
		{D82814B5-C7F3-3A6D-2041-342C8B000004}.Release|Any CPU.Build.0 = Release|Any CPU
		{E5313639-3B7A-3626-D216-6DFED3593977}.Debug|Any CPU.ActiveCfg = Debug|Any CPU
		{E5313639-3B7A-3626-D216-6DFED3593977}.Debug|Any CPU.Build.0 = Debug|Any CPU
		{E5313639-3B7A-3626-D216-6DFED3593977}.Release|Any CPU.ActiveCfg = Release|Any CPU
		{E5313639-3B7A-3626-D216-6DFED3593977}.Release|Any CPU.Build.0 = Release|Any CPU
		{6CE436B4-B831-2D28-C3AB-393CDF64C555}.Debug|Any CPU.ActiveCfg = Debug|Any CPU
		{6CE436B4-B831-2D28-C3AB-393CDF64C555}.Debug|Any CPU.Build.0 = Debug|Any CPU
		{6CE436B4-B831-2D28-C3AB-393CDF64C555}.Release|Any CPU.ActiveCfg = Release|Any CPU
		{6CE436B4-B831-2D28-C3AB-393CDF64C555}.Release|Any CPU.Build.0 = Release|Any CPU
		{3239BD9D-217F-DDC4-78CD-A7CA19E3A98E}.Debug|Any CPU.ActiveCfg = Debug|Any CPU
		{3239BD9D-217F-DDC4-78CD-A7CA19E3A98E}.Debug|Any CPU.Build.0 = Debug|Any CPU
		{3239BD9D-217F-DDC4-78CD-A7CA19E3A98E}.Release|Any CPU.ActiveCfg = Release|Any CPU
		{3239BD9D-217F-DDC4-78CD-A7CA19E3A98E}.Release|Any CPU.Build.0 = Release|Any CPU
		{08437C05-0246-0DD3-3C51-032543154EE3}.Debug|Any CPU.ActiveCfg = Debug|Any CPU
		{08437C05-0246-0DD3-3C51-032543154EE3}.Debug|Any CPU.Build.0 = Debug|Any CPU
		{08437C05-0246-0DD3-3C51-032543154EE3}.Release|Any CPU.ActiveCfg = Release|Any CPU
		{08437C05-0246-0DD3-3C51-032543154EE3}.Release|Any CPU.Build.0 = Release|Any CPU
		{198835F7-18CE-1765-E307-E93A2BFE66CA}.Debug|Any CPU.ActiveCfg = Debug|Any CPU
		{198835F7-18CE-1765-E307-E93A2BFE66CA}.Debug|Any CPU.Build.0 = Debug|Any CPU
		{198835F7-18CE-1765-E307-E93A2BFE66CA}.Release|Any CPU.ActiveCfg = Release|Any CPU
		{198835F7-18CE-1765-E307-E93A2BFE66CA}.Release|Any CPU.Build.0 = Release|Any CPU
		{0D97F1FA-3E11-CDCE-211B-D251D949401C}.Debug|Any CPU.ActiveCfg = Debug|Any CPU
		{0D97F1FA-3E11-CDCE-211B-D251D949401C}.Debug|Any CPU.Build.0 = Debug|Any CPU
		{0D97F1FA-3E11-CDCE-211B-D251D949401C}.Release|Any CPU.ActiveCfg = Release|Any CPU
		{0D97F1FA-3E11-CDCE-211B-D251D949401C}.Release|Any CPU.Build.0 = Release|Any CPU
		{68245E4A-1DDE-0E0D-6EC8-D54B3950EEAE}.Debug|Any CPU.ActiveCfg = Debug|Any CPU
		{68245E4A-1DDE-0E0D-6EC8-D54B3950EEAE}.Debug|Any CPU.Build.0 = Debug|Any CPU
		{68245E4A-1DDE-0E0D-6EC8-D54B3950EEAE}.Release|Any CPU.ActiveCfg = Release|Any CPU
		{68245E4A-1DDE-0E0D-6EC8-D54B3950EEAE}.Release|Any CPU.Build.0 = Release|Any CPU
	EndGlobalSection
	GlobalSection(SolutionProperties) = preSolution
		HideSolutionNode = FALSE
	EndGlobalSection
EndGlobal
